
Microsoft Visual Studio Solution File, Format Version 12.00
# Visual Studio Version 16
VisualStudioVersion = 16.0.31205.134
MinimumVisualStudioVersion = 10.0.40219.1
Project("{9A19103F-16F7-4668-BE54-9A1E7A4F7556}") = "OdeToFood", "OdeToFood\OdeToFood.csproj", "{21DFF106-5267-4D05-94F3-5075D9A7D6FA}"
EndProject
Project("{9A19103F-16F7-4668-BE54-9A1E7A4F7556}") = "OdeToFood.Test", "OdeToFood_Test\OdeToFood.Test.csproj", "{05F19CEE-CB2C-4B23-A03F-D2518B883C18}"
EndProject
Global
	GlobalSection(SolutionConfigurationPlatforms) = preSolution
		Debug|Any CPU = Debug|Any CPU
		Release|Any CPU = Release|Any CPU
	EndGlobalSection
	GlobalSection(ProjectConfigurationPlatforms) = postSolution
		{21DFF106-5267-4D05-94F3-5075D9A7D6FA}.Debug|Any CPU.ActiveCfg = Debug|Any CPU
		{21DFF106-5267-4D05-94F3-5075D9A7D6FA}.Debug|Any CPU.Build.0 = Debug|Any CPU
		{21DFF106-5267-4D05-94F3-5075D9A7D6FA}.Release|Any CPU.ActiveCfg = Release|Any CPU
		{21DFF106-5267-4D05-94F3-5075D9A7D6FA}.Release|Any CPU.Build.0 = Release|Any CPU
		{05F19CEE-CB2C-4B23-A03F-D2518B883C18}.Debug|Any CPU.ActiveCfg = Debug|Any CPU
		{05F19CEE-CB2C-4B23-A03F-D2518B883C18}.Debug|Any CPU.Build.0 = Debug|Any CPU
		{05F19CEE-CB2C-4B23-A03F-D2518B883C18}.Release|Any CPU.ActiveCfg = Release|Any CPU
		{05F19CEE-CB2C-4B23-A03F-D2518B883C18}.Release|Any CPU.Build.0 = Release|Any CPU
	EndGlobalSection
	GlobalSection(SolutionProperties) = preSolution
		HideSolutionNode = FALSE
	EndGlobalSection
	GlobalSection(ExtensibilityGlobals) = postSolution
		SolutionGuid = {F9F2ABC5-8073-45A9-884F-5DC7ED849ACD}
	EndGlobalSection
EndGlobal
